
Microsoft Visual Studio Solution File, Format Version 12.00
# Visual Studio Version 16
VisualStudioVersion = 16.0.30225.117
MinimumVisualStudioVersion = 10.0.40219.1
Project("{FAE04EC0-301F-11D3-BF4B-00C04F79EFBC}") = "WpfApp1", "WpfApp1\WpfApp1.csproj", "{DDC9A0F5-904D-4AB1-B8C8-116611FC3F2A}"
EndProject
Global
	GlobalSection(SolutionConfigurationPlatforms) = preSolution
		Debug|Any CPU = Debug|Any CPU
		Release|Any CPU = Release|Any CPU
	EndGlobalSection
	GlobalSection(ProjectConfigurationPlatforms) = postSolution
		{DDC9A0F5-904D-4AB1-B8C8-116611FC3F2A}.Debug|Any CPU.ActiveCfg = Debug|Any CPU
		{DDC9A0F5-904D-4AB1-B8C8-116611FC3F2A}.Debug|Any CPU.Build.0 = Debug|Any CPU
		{DDC9A0F5-904D-4AB1-B8C8-116611FC3F2A}.Release|Any CPU.ActiveCfg = Release|Any CPU
		{DDC9A0F5-904D-4AB1-B8C8-116611FC3F2A}.Release|Any CPU.Build.0 = Release|Any CPU
	EndGlobalSection
	GlobalSection(SolutionProperties) = preSolution
		HideSolutionNode = FALSE
	EndGlobalSection
	GlobalSection(ExtensibilityGlobals) = postSolution
		SolutionGuid = {F3B14442-EB33-4698-A126-F55C71E0D47E}
	EndGlobalSection
EndGlobal
